// !$*UTF8*$!
{
	archiveVersion = 1;
	classes = {
	};
	objectVersion = 46;
	objects = {

/* Begin PBXBuildFile section */
		7B6228BF1E33C43000DC8969 /* AppDelegate.swift in Sources */ = {isa = PBXBuildFile; fileRef = 7B6228BE1E33C43000DC8969 /* AppDelegate.swift */; };
		7B6228C11E33C43000DC8969 /* ViewController.swift in Sources */ = {isa = PBXBuildFile; fileRef = 7B6228C01E33C43000DC8969 /* ViewController.swift */; };
		7B6228C41E33C43000DC8969 /* Main.storyboard in Resources */ = {isa = PBXBuildFile; fileRef = 7B6228C21E33C43000DC8969 /* Main.storyboard */; };
		7B6228C61E33C43000DC8969 /* Assets.xcassets in Resources */ = {isa = PBXBuildFile; fileRef = 7B6228C51E33C43000DC8969 /* Assets.xcassets */; };
		7B6228C91E33C43000DC8969 /* LaunchScreen.storyboard in Resources */ = {isa = PBXBuildFile; fileRef = 7B6228C71E33C43000DC8969 /* LaunchScreen.storyboard */; };
		7B6228D41E33C43000DC8969 /* Tippy_v2Tests.swift in Sources */ = {isa = PBXBuildFile; fileRef = 7B6228D31E33C43000DC8969 /* Tippy_v2Tests.swift */; };
		7B6228DF1E33C43000DC8969 /* Tippy_v2UITests.swift in Sources */ = {isa = PBXBuildFile; fileRef = 7B6228DE1E33C43000DC8969 /* Tippy_v2UITests.swift */; };
/* End PBXBuildFile section */

/* Begin PBXContainerItemProxy section */
		7B6228D01E33C43000DC8969 /* PBXContainerItemProxy */ = {
			isa = PBXContainerItemProxy;
			containerPortal = 7B6228B31E33C43000DC8969 /* Project object */;
			proxyType = 1;
			remoteGlobalIDString = 7B6228BA1E33C43000DC8969;
			remoteInfo = "Tippy v2";
		};
		7B6228DB1E33C43000DC8969 /* PBXContainerItemProxy */ = {
			isa = PBXContainerItemProxy;
			containerPortal = 7B6228B31E33C43000DC8969 /* Project object */;
			proxyType = 1;
			remoteGlobalIDString = 7B6228BA1E33C43000DC8969;
			remoteInfo = "Tippy v2";
		};
/* End PBXContainerItemProxy section */

/* Begin PBXFileReference section */
		7B6228BB1E33C43000DC8969 /* Tippy v2.app */ = {isa = PBXFileReference; explicitFileType = wrapper.application; includeInIndex = 0; path = "Tippy v2.app"; sourceTree = BUILT_PRODUCTS_DIR; };
		7B6228BE1E33C43000DC8969 /* AppDelegate.swift */ = {isa = PBXFileReference; lastKnownFileType = sourcecode.swift; path = AppDelegate.swift; sourceTree = "<group>"; };
		7B6228C01E33C43000DC8969 /* ViewController.swift */ = {isa = PBXFileReference; lastKnownFileType = sourcecode.swift; path = ViewController.swift; sourceTree = "<group>"; };
		7B6228C31E33C43000DC8969 /* Base */ = {isa = PBXFileReference; lastKnownFileType = file.storyboard; name = Base; path = Base.lproj/Main.storyboard; sourceTree = "<group>"; };
		7B6228C51E33C43000DC8969 /* Assets.xcassets */ = {isa = PBXFileReference; lastKnownFileType = folder.assetcatalog; path = Assets.xcassets; sourceTree = "<group>"; };
		7B6228C81E33C43000DC8969 /* Base */ = {isa = PBXFileReference; lastKnownFileType = file.storyboard; name = Base; path = Base.lproj/LaunchScreen.storyboard; sourceTree = "<group>"; };
		7B6228CA1E33C43000DC8969 /* Info.plist */ = {isa = PBXFileReference; lastKnownFileType = text.plist.xml; path = Info.plist; sourceTree = "<group>"; };
		7B6228CF1E33C43000DC8969 /* Tippy v2Tests.xctest */ = {isa = PBXFileReference; explicitFileType = wrapper.cfbundle; includeInIndex = 0; path = "Tippy v2Tests.xctest"; sourceTree = BUILT_PRODUCTS_DIR; };
		7B6228D31E33C43000DC8969 /* Tippy_v2Tests.swift */ = {isa = PBXFileReference; lastKnownFileType = sourcecode.swift; path = Tippy_v2Tests.swift; sourceTree = "<group>"; };
		7B6228D51E33C43000DC8969 /* Info.plist */ = {isa = PBXFileReference; lastKnownFileType = text.plist.xml; path = Info.plist; sourceTree = "<group>"; };
		7B6228DA1E33C43000DC8969 /* Tippy v2UITests.xctest */ = {isa = PBXFileReference; explicitFileType = wrapper.cfbundle; includeInIndex = 0; path = "Tippy v2UITests.xctest"; sourceTree = BUILT_PRODUCTS_DIR; };
		7B6228DE1E33C43000DC8969 /* Tippy_v2UITests.swift */ = {isa = PBXFileReference; lastKnownFileType = sourcecode.swift; path = Tippy_v2UITests.swift; sourceTree = "<group>"; };
		7B6228E01E33C43000DC8969 /* Info.plist */ = {isa = PBXFileReference; lastKnownFileType = text.plist.xml; path = Info.plist; sourceTree = "<group>"; };
/* End PBXFileReference section */

/* Begin PBXFrameworksBuildPhase section */
		7B6228B81E33C43000DC8969 /* Frameworks */ = {
			isa = PBXFrameworksBuildPhase;
			buildActionMask = 2147483647;
			files = (
			);
			runOnlyForDeploymentPostprocessing = 0;
		};
		7B6228CC1E33C43000DC8969 /* Frameworks */ = {
			isa = PBXFrameworksBuildPhase;
			buildActionMask = 2147483647;
			files = (
			);
			runOnlyForDeploymentPostprocessing = 0;
		};
		7B6228D71E33C43000DC8969 /* Frameworks */ = {
			isa = PBXFrameworksBuildPhase;
			buildActionMask = 2147483647;
			files = (
			);
			runOnlyForDeploymentPostprocessing = 0;
		};
/* End PBXFrameworksBuildPhase section */

/* Begin PBXGroup section */
		7B6228B21E33C43000DC8969 = {
			isa = PBXGroup;
			children = (
				7B6228BD1E33C43000DC8969 /* Tippy v2 */,
				7B6228D21E33C43000DC8969 /* Tippy v2Tests */,
				7B6228DD1E33C43000DC8969 /* Tippy v2UITests */,
				7B6228BC1E33C43000DC8969 /* Products */,
			);
			sourceTree = "<group>";
		};
		7B6228BC1E33C43000DC8969 /* Products */ = {
			isa = PBXGroup;
			children = (
				7B6228BB1E33C43000DC8969 /* Tippy v2.app */,
				7B6228CF1E33C43000DC8969 /* Tippy v2Tests.xctest */,
				7B6228DA1E33C43000DC8969 /* Tippy v2UITests.xctest */,
			);
			name = Products;
			sourceTree = "<group>";
		};
		7B6228BD1E33C43000DC8969 /* Tippy v2 */ = {
			isa = PBXGroup;
			children = (
				7B6228BE1E33C43000DC8969 /* AppDelegate.swift */,
				7B6228C01E33C43000DC8969 /* ViewController.swift */,
				7B6228C21E33C43000DC8969 /* Main.storyboard */,
				7B6228C51E33C43000DC8969 /* Assets.xcassets */,
				7B6228C71E33C43000DC8969 /* LaunchScreen.storyboard */,
				7B6228CA1E33C43000DC8969 /* Info.plist */,
			);
			path = "Tippy v2";
			sourceTree = "<group>";
		};
		7B6228D21E33C43000DC8969 /* Tippy v2Tests */ = {
			isa = PBXGroup;
			children = (
				7B6228D31E33C43000DC8969 /* Tippy_v2Tests.swift */,
				7B6228D51E33C43000DC8969 /* Info.plist */,
			);
			path = "Tippy v2Tests";
			sourceTree = "<group>";
		};
		7B6228DD1E33C43000DC8969 /* Tippy v2UITests */ = {
			isa = PBXGroup;
			children = (
				7B6228DE1E33C43000DC8969 /* Tippy_v2UITests.swift */,
				7B6228E01E33C43000DC8969 /* Info.plist */,
			);
			path = "Tippy v2UITests";
			sourceTree = "<group>";
		};
/* End PBXGroup section */

/* Begin PBXNativeTarget section */
		7B6228BA1E33C43000DC8969 /* Tippy v2 */ = {
			isa = PBXNativeTarget;
			buildConfigurationList = 7B6228E31E33C43000DC8969 /* Build configuration list for PBXNativeTarget "Tippy v2" */;
			buildPhases = (
				7B6228B71E33C43000DC8969 /* Sources */,
				7B6228B81E33C43000DC8969 /* Frameworks */,
				7B6228B91E33C43000DC8969 /* Resources */,
			);
			buildRules = (
			);
			dependencies = (
			);
			name = "Tippy v2";
			productName = "Tippy v2";
			productReference = 7B6228BB1E33C43000DC8969 /* Tippy v2.app */;
			productType = "com.apple.product-type.application";
		};
		7B6228CE1E33C43000DC8969 /* Tippy v2Tests */ = {
			isa = PBXNativeTarget;
			buildConfigurationList = 7B6228E61E33C43000DC8969 /* Build configuration list for PBXNativeTarget "Tippy v2Tests" */;
			buildPhases = (
				7B6228CB1E33C43000DC8969 /* Sources */,
				7B6228CC1E33C43000DC8969 /* Frameworks */,
				7B6228CD1E33C43000DC8969 /* Resources */,
			);
			buildRules = (
			);
			dependencies = (
				7B6228D11E33C43000DC8969 /* PBXTargetDependency */,
			);
			name = "Tippy v2Tests";
			productName = "Tippy v2Tests";
			productReference = 7B6228CF1E33C43000DC8969 /* Tippy v2Tests.xctest */;
			productType = "com.apple.product-type.bundle.unit-test";
		};
		7B6228D91E33C43000DC8969 /* Tippy v2UITests */ = {
			isa = PBXNativeTarget;
			buildConfigurationList = 7B6228E91E33C43000DC8969 /* Build configuration list for PBXNativeTarget "Tippy v2UITests" */;
			buildPhases = (
				7B6228D61E33C43000DC8969 /* Sources */,
				7B6228D71E33C43000DC8969 /* Frameworks */,
				7B6228D81E33C43000DC8969 /* Resources */,
			);
			buildRules = (
			);
			dependencies = (
				7B6228DC1E33C43000DC8969 /* PBXTargetDependency */,
			);
			name = "Tippy v2UITests";
			productName = "Tippy v2UITests";
			productReference = 7B6228DA1E33C43000DC8969 /* Tippy v2UITests.xctest */;
			productType = "com.apple.product-type.bundle.ui-testing";
		};
/* End PBXNativeTarget section */

/* Begin PBXProject section */
		7B6228B31E33C43000DC8969 /* Project object */ = {
			isa = PBXProject;
			attributes = {
				LastSwiftUpdateCheck = 0820;
				LastUpgradeCheck = 0820;
				ORGANIZATIONNAME = "Jason Hahn";
				TargetAttributes = {
					7B6228BA1E33C43000DC8969 = {
						CreatedOnToolsVersion = 8.2.1;
						DevelopmentTeam = 4QM22F6T95;
						ProvisioningStyle = Automatic;
					};
					7B6228CE1E33C43000DC8969 = {
						CreatedOnToolsVersion = 8.2.1;
						DevelopmentTeam = 4QM22F6T95;
						ProvisioningStyle = Automatic;
						TestTargetID = 7B6228BA1E33C43000DC8969;
					};
					7B6228D91E33C43000DC8969 = {
						CreatedOnToolsVersion = 8.2.1;
						DevelopmentTeam = 4QM22F6T95;
						ProvisioningStyle = Automatic;
						TestTargetID = 7B6228BA1E33C43000DC8969;
					};
				};
			};
			buildConfigurationList = 7B6228B61E33C43000DC8969 /* Build configuration list for PBXProject "Tippy v2" */;
			compatibilityVersion = "Xcode 3.2";
			developmentRegion = English;
			hasScannedForEncodings = 0;
			knownRegions = (
				en,
				Base,
			);
			mainGroup = 7B6228B21E33C43000DC8969;
			productRefGroup = 7B6228BC1E33C43000DC8969 /* Products */;
			projectDirPath = "";
			projectRoot = "";
			targets = (
				7B6228BA1E33C43000DC8969 /* Tippy v2 */,
				7B6228CE1E33C43000DC8969 /* Tippy v2Tests */,
				7B6228D91E33C43000DC8969 /* Tippy v2UITests */,
			);
		};
/* End PBXProject section */

/* Begin PBXResourcesBuildPhase section */
		7B6228B91E33C43000DC8969 /* Resources */ = {
			isa = PBXResourcesBuildPhase;
			buildActionMask = 2147483647;
			files = (
				7B6228C91E33C43000DC8969 /* LaunchScreen.storyboard in Resources */,
				7B6228C61E33C43000DC8969 /* Assets.xcassets in Resources */,
				7B6228C41E33C43000DC8969 /* Main.storyboard in Resources */,
			);
			runOnlyForDeploymentPostprocessing = 0;
		};
		7B6228CD1E33C43000DC8969 /* Resources */ = {
			isa = PBXResourcesBuildPhase;
			buildActionMask = 2147483647;
			files = (
			);
			runOnlyForDeploymentPostprocessing = 0;
		};
		7B6228D81E33C43000DC8969 /* Resources */ = {
			isa = PBXResourcesBuildPhase;
			buildActionMask = 2147483647;
			files = (
			);
			runOnlyForDeploymentPostprocessing = 0;
		};
/* End PBXResourcesBuildPhase section */

/* Begin PBXSourcesBuildPhase section */
		7B6228B71E33C43000DC8969 /* Sources */ = {
			isa = PBXSourcesBuildPhase;
			buildActionMask = 2147483647;
			files = (
				7B6228C11E33C43000DC8969 /* ViewController.swift in Sources */,
				7B6228BF1E33C43000DC8969 /* AppDelegate.swift in Sources */,
			);
			runOnlyForDeploymentPostprocessing = 0;
		};
		7B6228CB1E33C43000DC8969 /* Sources */ = {
			isa = PBXSourcesBuildPhase;
			buildActionMask = 2147483647;
			files = (
				7B6228D41E33C43000DC8969 /* Tippy_v2Tests.swift in Sources */,
			);
			runOnlyForDeploymentPostprocessing = 0;
		};
		7B6228D61E33C43000DC8969 /* Sources */ = {
			isa = PBXSourcesBuildPhase;
			buildActionMask = 2147483647;
			files = (
				7B6228DF1E33C43000DC8969 /* Tippy_v2UITests.swift in Sources */,
			);
			runOnlyForDeploymentPostprocessing = 0;
		};
/* End PBXSourcesBuildPhase section */

/* Begin PBXTargetDependency section */
		7B6228D11E33C43000DC8969 /* PBXTargetDependency */ = {
			isa = PBXTargetDependency;
			target = 7B6228BA1E33C43000DC8969 /* Tippy v2 */;
			targetProxy = 7B6228D01E33C43000DC8969 /* PBXContainerItemProxy */;
		};
		7B6228DC1E33C43000DC8969 /* PBXTargetDependency */ = {
			isa = PBXTargetDependency;
			target = 7B6228BA1E33C43000DC8969 /* Tippy v2 */;
			targetProxy = 7B6228DB1E33C43000DC8969 /* PBXContainerItemProxy */;
		};
/* End PBXTargetDependency section */

/* Begin PBXVariantGroup section */
		7B6228C21E33C43000DC8969 /* Main.storyboard */ = {
			isa = PBXVariantGroup;
			children = (
				7B6228C31E33C43000DC8969 /* Base */,
			);
			name = Main.storyboard;
			sourceTree = "<group>";
		};
		7B6228C71E33C43000DC8969 /* LaunchScreen.storyboard */ = {
			isa = PBXVariantGroup;
			children = (
				7B6228C81E33C43000DC8969 /* Base */,
			);
			name = LaunchScreen.storyboard;
			sourceTree = "<group>";
		};
/* End PBXVariantGroup section */

/* Begin XCBuildConfiguration section */
		7B6228E11E33C43000DC8969 /* Debug */ = {
			isa = XCBuildConfiguration;
			buildSettings = {
				ALWAYS_SEARCH_USER_PATHS = NO;
				CLANG_ANALYZER_NONNULL = YES;
				CLANG_CXX_LANGUAGE_STANDARD = "gnu++0x";
				CLANG_CXX_LIBRARY = "libc++";
				CLANG_ENABLE_MODULES = YES;
				CLANG_ENABLE_OBJC_ARC = YES;
				CLANG_WARN_BOOL_CONVERSION = YES;
				CLANG_WARN_CONSTANT_CONVERSION = YES;
				CLANG_WARN_DIRECT_OBJC_ISA_USAGE = YES_ERROR;
				CLANG_WARN_DOCUMENTATION_COMMENTS = YES;
				CLANG_WARN_EMPTY_BODY = YES;
				CLANG_WARN_ENUM_CONVERSION = YES;
				CLANG_WARN_INFINITE_RECURSION = YES;
				CLANG_WARN_INT_CONVERSION = YES;
				CLANG_WARN_OBJC_ROOT_CLASS = YES_ERROR;
				CLANG_WARN_SUSPICIOUS_MOVE = YES;
				CLANG_WARN_UNREACHABLE_CODE = YES;
				CLANG_WARN__DUPLICATE_METHOD_MATCH = YES;
				"CODE_SIGN_IDENTITY[sdk=iphoneos*]" = "iPhone Developer";
				COPY_PHASE_STRIP = NO;
				DEBUG_INFORMATION_FORMAT = dwarf;
				ENABLE_STRICT_OBJC_MSGSEND = YES;
				ENABLE_TESTABILITY = YES;
				GCC_C_LANGUAGE_STANDARD = gnu99;
				GCC_DYNAMIC_NO_PIC = NO;
				GCC_NO_COMMON_BLOCKS = YES;
				GCC_OPTIMIZATION_LEVEL = 0;
				GCC_PREPROCESSOR_DEFINITIONS = (
					"DEBUG=1",
					"$(inherited)",
				);
				GCC_WARN_64_TO_32_BIT_CONVERSION = YES;
				GCC_WARN_ABOUT_RETURN_TYPE = YES_ERROR;
				GCC_WARN_UNDECLARED_SELECTOR = YES;
				GCC_WARN_UNINITIALIZED_AUTOS = YES_AGGRESSIVE;
				GCC_WARN_UNUSED_FUNCTION = YES;
				GCC_WARN_UNUSED_VARIABLE = YES;
				IPHONEOS_DEPLOYMENT_TARGET = 10.2;
				MTL_ENABLE_DEBUG_INFO = YES;
				ONLY_ACTIVE_ARCH = YES;
				SDKROOT = iphoneos;
				SWIFT_ACTIVE_COMPILATION_CONDITIONS = DEBUG;
				SWIFT_OPTIMIZATION_LEVEL = "-Onone";
			};
			name = Debug;
		};
		7B6228E21E33C43000DC8969 /* Release */ = {
			isa = XCBuildConfiguration;
			buildSettings = {
				ALWAYS_SEARCH_USER_PATHS = NO;
				CLANG_ANALYZER_NONNULL = YES;
				CLANG_CXX_LANGUAGE_STANDARD = "gnu++0x";
				CLANG_CXX_LIBRARY = "libc++";
				CLANG_ENABLE_MODULES = YES;
				CLANG_ENABLE_OBJC_ARC = YES;
				CLANG_WARN_BOOL_CONVERSION = YES;
				CLANG_WARN_CONSTANT_CONVERSION = YES;
				CLANG_WARN_DIRECT_OBJC_ISA_USAGE = YES_ERROR;
				CLANG_WARN_DOCUMENTATION_COMMENTS = YES;
				CLANG_WARN_EMPTY_BODY = YES;
				CLANG_WARN_ENUM_CONVERSION = YES;
				CLANG_WARN_INFINITE_RECURSION = YES;
				CLANG_WARN_INT_CONVERSION = YES;
				CLANG_WARN_OBJC_ROOT_CLASS = YES_ERROR;
				CLANG_WARN_SUSPICIOUS_MOVE = YES;
				CLANG_WARN_UNREACHABLE_CODE = YES;
				CLANG_WARN__DUPLICATE_METHOD_MATCH = YES;
				"CODE_SIGN_IDENTITY[sdk=iphoneos*]" = "iPhone Developer";
				COPY_PHASE_STRIP = NO;
				DEBUG_INFORMATION_FORMAT = "dwarf-with-dsym";
				ENABLE_NS_ASSERTIONS = NO;
				ENABLE_STRICT_OBJC_MSGSEND = YES;
				GCC_C_LANGUAGE_STANDARD = gnu99;
				GCC_NO_COMMON_BLOCKS = YES;
				GCC_WARN_64_TO_32_BIT_CONVERSION = YES;
				GCC_WARN_ABOUT_RETURN_TYPE = YES_ERROR;
				GCC_WARN_UNDECLARED_SELECTOR = YES;
				GCC_WARN_UNINITIALIZED_AUTOS = YES_AGGRESSIVE;
				GCC_WARN_UNUSED_FUNCTION = YES;
				GCC_WARN_UNUSED_VARIABLE = YES;
				IPHONEOS_DEPLOYMENT_TARGET = 10.2;
				MTL_ENABLE_DEBUG_INFO = NO;
				SDKROOT = iphoneos;
				SWIFT_OPTIMIZATION_LEVEL = "-Owholemodule";
				VALIDATE_PRODUCT = YES;
			};
			name = Release;
		};
		7B6228E41E33C43000DC8969 /* Debug */ = {
			isa = XCBuildConfiguration;
			buildSettings = {
				ASSETCATALOG_COMPILER_APPICON_NAME = AppIcon;
				DEVELOPMENT_TEAM = 4QM22F6T95;
				INFOPLIST_FILE = "Tippy v2/Info.plist";
				LD_RUNPATH_SEARCH_PATHS = "$(inherited) @executable_path/Frameworks";
				PRODUCT_BUNDLE_IDENTIFIER = "com.codepath.Tippy-v2";
				PRODUCT_NAME = "$(TARGET_NAME)";
				SWIFT_VERSION = 3.0;
			};
			name = Debug;
		};
		7B6228E51E33C43000DC8969 /* Release */ = {
			isa = XCBuildConfiguration;
			buildSettings = {
				ASSETCATALOG_COMPILER_APPICON_NAME = AppIcon;
				DEVELOPMENT_TEAM = 4QM22F6T95;
				INFOPLIST_FILE = "Tippy v2/Info.plist";
				LD_RUNPATH_SEARCH_PATHS = "$(inherited) @executable_path/Frameworks";
				PRODUCT_BUNDLE_IDENTIFIER = "com.codepath.Tippy-v2";
				PRODUCT_NAME = "$(TARGET_NAME)";
				SWIFT_VERSION = 3.0;
			};
			name = Release;
		};
		7B6228E71E33C43000DC8969 /* Debug */ = {
			isa = XCBuildConfiguration;
			buildSettings = {
				ALWAYS_EMBED_SWIFT_STANDARD_LIBRARIES = YES;
				BUNDLE_LOADER = "$(TEST_HOST)";
				DEVELOPMENT_TEAM = 4QM22F6T95;
				INFOPLIST_FILE = "Tippy v2Tests/Info.plist";
				LD_RUNPATH_SEARCH_PATHS = "$(inherited) @executable_path/Frameworks @loader_path/Frameworks";
				PRODUCT_BUNDLE_IDENTIFIER = "com.codepath.Tippy-v2Tests";
				PRODUCT_NAME = "$(TARGET_NAME)";
				SWIFT_VERSION = 3.0;
				TEST_HOST = "$(BUILT_PRODUCTS_DIR)/Tippy v2.app/Tippy v2";
			};
			name = Debug;
		};
		7B6228E81E33C43000DC8969 /* Release */ = {
			isa = XCBuildConfiguration;
			buildSettings = {
				ALWAYS_EMBED_SWIFT_STANDARD_LIBRARIES = YES;
				BUNDLE_LOADER = "$(TEST_HOST)";
				DEVELOPMENT_TEAM = 4QM22F6T95;
				INFOPLIST_FILE = "Tippy v2Tests/Info.plist";
				LD_RUNPATH_SEARCH_PATHS = "$(inherited) @executable_path/Frameworks @loader_path/Frameworks";
				PRODUCT_BUNDLE_IDENTIFIER = "com.codepath.Tippy-v2Tests";
				PRODUCT_NAME = "$(TARGET_NAME)";
				SWIFT_VERSION = 3.0;
				TEST_HOST = "$(BUILT_PRODUCTS_DIR)/Tippy v2.app/Tippy v2";
			};
			name = Release;
		};
		7B6228EA1E33C43000DC8969 /* Debug */ = {
			isa = XCBuildConfiguration;
			buildSettings = {
				ALWAYS_EMBED_SWIFT_STANDARD_LIBRARIES = YES;
				DEVELOPMENT_TEAM = 4QM22F6T95;
				INFOPLIST_FILE = "Tippy v2UITests/Info.plist";
				LD_RUNPATH_SEARCH_PATHS = "$(inherited) @executable_path/Frameworks @loader_path/Frameworks";
				PRODUCT_BUNDLE_IDENTIFIER = "com.codepath.Tippy-v2UITests";
				PRODUCT_NAME = "$(TARGET_NAME)";
				SWIFT_VERSION = 3.0;
				TEST_TARGET_NAME = "Tippy v2";
			};
			name = Debug;
		};
		7B6228EB1E33C43000DC8969 /* Release */ = {
			isa = XCBuildConfiguration;
			buildSettings = {
				ALWAYS_EMBED_SWIFT_STANDARD_LIBRARIES = YES;
				DEVELOPMENT_TEAM = 4QM22F6T95;
				INFOPLIST_FILE = "Tippy v2UITests/Info.plist";
				LD_RUNPATH_SEARCH_PATHS = "$(inherited) @executable_path/Frameworks @loader_path/Frameworks";
				PRODUCT_BUNDLE_IDENTIFIER = "com.codepath.Tippy-v2UITests";
				PRODUCT_NAME = "$(TARGET_NAME)";
				SWIFT_VERSION = 3.0;
				TEST_TARGET_NAME = "Tippy v2";
			};
			name = Release;
		};
/* End XCBuildConfiguration section */

/* Begin XCConfigurationList section */
		7B6228B61E33C43000DC8969 /* Build configuration list for PBXProject "Tippy v2" */ = {
			isa = XCConfigurationList;
			buildConfigurations = (
				7B6228E11E33C43000DC8969 /* Debug */,
				7B6228E21E33C43000DC8969 /* Release */,
			);
			defaultConfigurationIsVisible = 0;
			defaultConfigurationName = Release;
		};
		7B6228E31E33C43000DC8969 /* Build configuration list for PBXNativeTarget "Tippy v2" */ = {
			isa = XCConfigurationList;
			buildConfigurations = (
				7B6228E41E33C43000DC8969 /* Debug */,
				7B6228E51E33C43000DC8969 /* Release */,
			);
			defaultConfigurationIsVisible = 0;
		};
		7B6228E61E33C43000DC8969 /* Build configuration list for PBXNativeTarget "Tippy v2Tests" */ = {
			isa = XCConfigurationList;
			buildConfigurations = (
				7B6228E71E33C43000DC8969 /* Debug */,
				7B6228E81E33C43000DC8969 /* Release */,
			);
			defaultConfigurationIsVisible = 0;
		};
		7B6228E91E33C43000DC8969 /* Build configuration list for PBXNativeTarget "Tippy v2UITests" */ = {
			isa = XCConfigurationList;
			buildConfigurations = (
				7B6228EA1E33C43000DC8969 /* Debug */,
				7B6228EB1E33C43000DC8969 /* Release */,
			);
			defaultConfigurationIsVisible = 0;
		};
/* End XCConfigurationList section */
	};
	rootObject = 7B6228B31E33C43000DC8969 /* Project object */;
}
